
Microsoft Visual Studio Solution File, Format Version 12.00
# Visual Studio Version 16
VisualStudioVersion = 16.0.32413.511
MinimumVisualStudioVersion = 10.0.40219.1
Project("{FAE04EC0-301F-11D3-BF4B-00C04F79EFBC}") = "Project", "Project\Project.csproj", "{A8F2390D-EF99-42F9-ACED-73571B7ECF99}"
EndProject
Global
	GlobalSection(SolutionConfigurationPlatforms) = preSolution
		Debug|Any CPU = Debug|Any CPU
		Release|Any CPU = Release|Any CPU
	EndGlobalSection
	GlobalSection(ProjectConfigurationPlatforms) = postSolution
		{A8F2390D-EF99-42F9-ACED-73571B7ECF99}.Debug|Any CPU.ActiveCfg = Debug|Any CPU
		{A8F2390D-EF99-42F9-ACED-73571B7ECF99}.Debug|Any CPU.Build.0 = Debug|Any CPU
		{A8F2390D-EF99-42F9-ACED-73571B7ECF99}.Release|Any CPU.ActiveCfg = Release|Any CPU
		{A8F2390D-EF99-42F9-ACED-73571B7ECF99}.Release|Any CPU.Build.0 = Release|Any CPU
	EndGlobalSection
	GlobalSection(SolutionProperties) = preSolution
		HideSolutionNode = FALSE
	EndGlobalSection
	GlobalSection(ExtensibilityGlobals) = postSolution
		SolutionGuid = {B7B92EA0-84B8-44E9-BF75-004371D09E9A}
	EndGlobalSection
EndGlobal
